
Microsoft Visual Studio Solution File, Format Version 12.00
# Visual Studio 2012
Project("{FAE04EC0-301F-11D3-BF4B-00C04F79EFBC}") = "NSEmbroidery.Core", "NSEmbroidery.Core\NSEmbroidery.Core.csproj", "{B57D7D46-B223-482C-ADFA-B6DAE373F99C}"
EndProject
Project("{FAE04EC0-301F-11D3-BF4B-00C04F79EFBC}") = "NSEmbroidery.UI", "NSEmbroidery.UI\NSEmbroidery.UI.csproj", "{F4DFEB18-E2FC-4186-B609-87EC3CE9CF22}"
EndProject
Project("{FAE04EC0-301F-11D3-BF4B-00C04F79EFBC}") = "NSEmbroidery.UnitTests", "NSEmbroidery.UnitTests\NSEmbroidery.UnitTests.csproj", "{1752545C-D610-4EE5-A727-AE12D341BF72}"
EndProject
Project("{FAE04EC0-301F-11D3-BF4B-00C04F79EFBC}") = "NSEmbroidery.Host", "NSEmbroidery.Host\NSEmbroidery.Host.csproj", "{F4127259-85BD-42FB-ABAC-28BC5FEDF6D5}"
EndProject
Project("{FAE04EC0-301F-11D3-BF4B-00C04F79EFBC}") = "NSEmbroidery.IISHost", "NSEmbroidery.IISHost\NSEmbroidery.IISHost.csproj", "{03176D12-7F3D-4E0D-BB68-79120F0ED133}"
EndProject
Project("{FAE04EC0-301F-11D3-BF4B-00C04F79EFBC}") = "NSEmbroidery.ASP", "NSEmbroidery.ASP\NSEmbroidery.ASP.csproj", "{AE0BF815-953D-44DA-91BD-73C405C60DE6}"
EndProject
Project("{FAE04EC0-301F-11D3-BF4B-00C04F79EFBC}") = "NSEmbroidery.Data.Models", "NSEmbroidery.Data.Model\NSEmbroidery.Data.Models.csproj", "{0F390B49-D30B-4D9B-8733-9A319346C0E5}"
EndProject
Project("{FAE04EC0-301F-11D3-BF4B-00C04F79EFBC}") = "NSEmbroidery.Data.EF", "NSEmbroidery.Data.EF\NSEmbroidery.Data.EF.csproj", "{D0994F07-48F0-46C7-824E-86CF069BC605}"
EndProject
Project("{FAE04EC0-301F-11D3-BF4B-00C04F79EFBC}") = "NSEmbroidery.Data.Interfaces", "NSEmbroidery.Data.Interfaces\NSEmbroidery.Data.Interfaces.csproj", "{F6B544C3-4087-46B1-986E-D193672A9F36}"
EndProject
Project("{FAE04EC0-301F-11D3-BF4B-00C04F79EFBC}") = "NSEmbroidery.Data.DI.EF", "NSEmbroidery.Data.DI.EF\NSEmbroidery.Data.DI.EF.csproj", "{77C16DEC-8DB1-4903-B7F9-6735A3055B93}"
EndProject
Project("{FAE04EC0-301F-11D3-BF4B-00C04F79EFBC}") = "NSEmbroidery.WPF", "NSEmbroidery.WPF\NSEmbroidery.WPF.csproj", "{A7280C99-630F-4FF3-833B-3A967BBB5F57}"
EndProject
Global
	GlobalSection(SolutionConfigurationPlatforms) = preSolution
		Debug|Any CPU = Debug|Any CPU
		Release|Any CPU = Release|Any CPU
	EndGlobalSection
	GlobalSection(ProjectConfigurationPlatforms) = postSolution
		{B57D7D46-B223-482C-ADFA-B6DAE373F99C}.Debug|Any CPU.ActiveCfg = Debug|Any CPU
		{B57D7D46-B223-482C-ADFA-B6DAE373F99C}.Debug|Any CPU.Build.0 = Debug|Any CPU
		{B57D7D46-B223-482C-ADFA-B6DAE373F99C}.Release|Any CPU.ActiveCfg = Release|Any CPU
		{B57D7D46-B223-482C-ADFA-B6DAE373F99C}.Release|Any CPU.Build.0 = Release|Any CPU
		{F4DFEB18-E2FC-4186-B609-87EC3CE9CF22}.Debug|Any CPU.ActiveCfg = Debug|Any CPU
		{F4DFEB18-E2FC-4186-B609-87EC3CE9CF22}.Debug|Any CPU.Build.0 = Debug|Any CPU
		{F4DFEB18-E2FC-4186-B609-87EC3CE9CF22}.Release|Any CPU.ActiveCfg = Release|Any CPU
		{F4DFEB18-E2FC-4186-B609-87EC3CE9CF22}.Release|Any CPU.Build.0 = Release|Any CPU
		{1752545C-D610-4EE5-A727-AE12D341BF72}.Debug|Any CPU.ActiveCfg = Debug|Any CPU
		{1752545C-D610-4EE5-A727-AE12D341BF72}.Debug|Any CPU.Build.0 = Debug|Any CPU
		{1752545C-D610-4EE5-A727-AE12D341BF72}.Release|Any CPU.ActiveCfg = Release|Any CPU
		{1752545C-D610-4EE5-A727-AE12D341BF72}.Release|Any CPU.Build.0 = Release|Any CPU
		{F4127259-85BD-42FB-ABAC-28BC5FEDF6D5}.Debug|Any CPU.ActiveCfg = Debug|Any CPU
		{F4127259-85BD-42FB-ABAC-28BC5FEDF6D5}.Debug|Any CPU.Build.0 = Debug|Any CPU
		{F4127259-85BD-42FB-ABAC-28BC5FEDF6D5}.Release|Any CPU.ActiveCfg = Release|Any CPU
		{F4127259-85BD-42FB-ABAC-28BC5FEDF6D5}.Release|Any CPU.Build.0 = Release|Any CPU
		{03176D12-7F3D-4E0D-BB68-79120F0ED133}.Debug|Any CPU.ActiveCfg = Debug|Any CPU
		{03176D12-7F3D-4E0D-BB68-79120F0ED133}.Debug|Any CPU.Build.0 = Debug|Any CPU
		{03176D12-7F3D-4E0D-BB68-79120F0ED133}.Release|Any CPU.ActiveCfg = Release|Any CPU
		{03176D12-7F3D-4E0D-BB68-79120F0ED133}.Release|Any CPU.Build.0 = Release|Any CPU
		{AE0BF815-953D-44DA-91BD-73C405C60DE6}.Debug|Any CPU.ActiveCfg = Debug|Any CPU
		{AE0BF815-953D-44DA-91BD-73C405C60DE6}.Debug|Any CPU.Build.0 = Debug|Any CPU
		{AE0BF815-953D-44DA-91BD-73C405C60DE6}.Release|Any CPU.ActiveCfg = Release|Any CPU
		{AE0BF815-953D-44DA-91BD-73C405C60DE6}.Release|Any CPU.Build.0 = Release|Any CPU
		{0F390B49-D30B-4D9B-8733-9A319346C0E5}.Debug|Any CPU.ActiveCfg = Debug|Any CPU
		{0F390B49-D30B-4D9B-8733-9A319346C0E5}.Debug|Any CPU.Build.0 = Debug|Any CPU
		{0F390B49-D30B-4D9B-8733-9A319346C0E5}.Release|Any CPU.ActiveCfg = Release|Any CPU
		{0F390B49-D30B-4D9B-8733-9A319346C0E5}.Release|Any CPU.Build.0 = Release|Any CPU
		{D0994F07-48F0-46C7-824E-86CF069BC605}.Debug|Any CPU.ActiveCfg = Debug|Any CPU
		{D0994F07-48F0-46C7-824E-86CF069BC605}.Debug|Any CPU.Build.0 = Debug|Any CPU
		{D0994F07-48F0-46C7-824E-86CF069BC605}.Release|Any CPU.ActiveCfg = Release|Any CPU
		{D0994F07-48F0-46C7-824E-86CF069BC605}.Release|Any CPU.Build.0 = Release|Any CPU
		{F6B544C3-4087-46B1-986E-D193672A9F36}.Debug|Any CPU.ActiveCfg = Debug|Any CPU
		{F6B544C3-4087-46B1-986E-D193672A9F36}.Debug|Any CPU.Build.0 = Debug|Any CPU
		{F6B544C3-4087-46B1-986E-D193672A9F36}.Release|Any CPU.ActiveCfg = Release|Any CPU
		{F6B544C3-4087-46B1-986E-D193672A9F36}.Release|Any CPU.Build.0 = Release|Any CPU
		{77C16DEC-8DB1-4903-B7F9-6735A3055B93}.Debug|Any CPU.ActiveCfg = Debug|Any CPU
		{77C16DEC-8DB1-4903-B7F9-6735A3055B93}.Debug|Any CPU.Build.0 = Debug|Any CPU
		{77C16DEC-8DB1-4903-B7F9-6735A3055B93}.Release|Any CPU.ActiveCfg = Release|Any CPU
		{77C16DEC-8DB1-4903-B7F9-6735A3055B93}.Release|Any CPU.Build.0 = Release|Any CPU
		{A7280C99-630F-4FF3-833B-3A967BBB5F57}.Debug|Any CPU.ActiveCfg = Debug|Any CPU
		{A7280C99-630F-4FF3-833B-3A967BBB5F57}.Debug|Any CPU.Build.0 = Debug|Any CPU
		{A7280C99-630F-4FF3-833B-3A967BBB5F57}.Release|Any CPU.ActiveCfg = Release|Any CPU
		{A7280C99-630F-4FF3-833B-3A967BBB5F57}.Release|Any CPU.Build.0 = Release|Any CPU
	EndGlobalSection
	GlobalSection(SolutionProperties) = preSolution
		HideSolutionNode = FALSE
	EndGlobalSection
EndGlobal
