
Microsoft Visual Studio Solution File, Format Version 12.00
# Visual Studio 2012
Project("{FAE04EC0-301F-11D3-BF4B-00C04F79EFBC}") = "NSEmbroidery.Core", "NSEmbroidery.Core\NSEmbroidery.Core.csproj", "{B57D7D46-B223-482C-ADFA-B6DAE373F99C}"
EndProject
Project("{FAE04EC0-301F-11D3-BF4B-00C04F79EFBC}") = "NSEmbroidery.UI", "NSEmbroidery.UI\NSEmbroidery.UI.csproj", "{F4DFEB18-E2FC-4186-B609-87EC3CE9CF22}"
EndProject
Project("{FAE04EC0-301F-11D3-BF4B-00C04F79EFBC}") = "NSEmbroidery.UnitTests", "NSEmbroidery.UnitTests\NSEmbroidery.UnitTests.csproj", "{1752545C-D610-4EE5-A727-AE12D341BF72}"
EndProject
Project("{FAE04EC0-301F-11D3-BF4B-00C04F79EFBC}") = "NSEmbroidery.Host", "NSEmbroidery.Host\NSEmbroidery.Host.csproj", "{F4127259-85BD-42FB-ABAC-28BC5FEDF6D5}"
EndProject
Global
	GlobalSection(SolutionConfigurationPlatforms) = preSolution
		Debug|Any CPU = Debug|Any CPU
		Release|Any CPU = Release|Any CPU
	EndGlobalSection
	GlobalSection(ProjectConfigurationPlatforms) = postSolution
		{B57D7D46-B223-482C-ADFA-B6DAE373F99C}.Debug|Any CPU.ActiveCfg = Debug|Any CPU
		{B57D7D46-B223-482C-ADFA-B6DAE373F99C}.Debug|Any CPU.Build.0 = Debug|Any CPU
		{B57D7D46-B223-482C-ADFA-B6DAE373F99C}.Release|Any CPU.ActiveCfg = Release|Any CPU
		{B57D7D46-B223-482C-ADFA-B6DAE373F99C}.Release|Any CPU.Build.0 = Release|Any CPU
		{F4DFEB18-E2FC-4186-B609-87EC3CE9CF22}.Debug|Any CPU.ActiveCfg = Debug|Any CPU
		{F4DFEB18-E2FC-4186-B609-87EC3CE9CF22}.Debug|Any CPU.Build.0 = Debug|Any CPU
		{F4DFEB18-E2FC-4186-B609-87EC3CE9CF22}.Release|Any CPU.ActiveCfg = Release|Any CPU
		{F4DFEB18-E2FC-4186-B609-87EC3CE9CF22}.Release|Any CPU.Build.0 = Release|Any CPU
		{1752545C-D610-4EE5-A727-AE12D341BF72}.Debug|Any CPU.ActiveCfg = Debug|Any CPU
		{1752545C-D610-4EE5-A727-AE12D341BF72}.Debug|Any CPU.Build.0 = Debug|Any CPU
		{1752545C-D610-4EE5-A727-AE12D341BF72}.Release|Any CPU.ActiveCfg = Release|Any CPU
		{1752545C-D610-4EE5-A727-AE12D341BF72}.Release|Any CPU.Build.0 = Release|Any CPU
		{F4127259-85BD-42FB-ABAC-28BC5FEDF6D5}.Debug|Any CPU.ActiveCfg = Debug|Any CPU
		{F4127259-85BD-42FB-ABAC-28BC5FEDF6D5}.Debug|Any CPU.Build.0 = Debug|Any CPU
		{F4127259-85BD-42FB-ABAC-28BC5FEDF6D5}.Release|Any CPU.ActiveCfg = Release|Any CPU
		{F4127259-85BD-42FB-ABAC-28BC5FEDF6D5}.Release|Any CPU.Build.0 = Release|Any CPU
	EndGlobalSection
	GlobalSection(SolutionProperties) = preSolution
		HideSolutionNode = FALSE
	EndGlobalSection
EndGlobal
